{
  "lockfileVersion": 1,
  "configVersion": 0,
  "workspaces": {
    "": {
      "name": "agent-arena",
      "dependencies": {
        "lucide-react": "^1.14.0",
        "react-icons": "^5.6.0",
      },
      "devDependencies": {
        "prettier": "^3.7.4",
        "turbo": "^2.9.8",
        "typescript": "5.9.2",
      },
    },
  },
  "packages": {
    "@turbo/darwin-64": ["@turbo/darwin-64@2.9.9", "", { "os": "darwin", "cpu": "x64" }, "sha512-hTEiNu2ABZZOO1qbjnKASI8eF3BdOOzU6iKv5w5uGOK65DDMc10cS40N1kqM99YT0uSAGUwNu6GdFctRPeEeVA=="],

    "@turbo/darwin-arm64": ["@turbo/darwin-arm64@2.9.9", "", { "os": "darwin", "cpu": "arm64" }, "sha512-MinO40EEcP5mJiTVpfjtEulsEBhVeryfq21QhYtJZ8hQJLHGgy459rcmDVAY8/JERe4dkVU4KW+zoLF22o01EA=="],

    "@turbo/linux-64": ["@turbo/linux-64@2.9.9", "", { "os": "linux", "cpu": "x64" }, "sha512-7JNLw88Isk+gMlbsC8pulLDkrqe2B827ZsKFEHilb17AC6Xn/62pzH7afjY7fEU6Ayp4XP/vGhlRWOzqBvBvIQ=="],

    "@turbo/linux-arm64": ["@turbo/linux-arm64@2.9.9", "", { "os": "linux", "cpu": "arm64" }, "sha512-0pnXDwPw1rHii98JZPRg7SvsjIzy7jrhkwGU9Jy5fVYoMdYd3P2vbtLfII+OJ0Mm4Ar5yykdHDTz3RWiRI1o9g=="],

    "@turbo/windows-64": ["@turbo/windows-64@2.9.9", "", { "os": "win32", "cpu": "x64" }, "sha512-vjDQycz4gQVvIq4n2rPtiiIESwJlAc406qtkiZlqyL+fHZEd9SxYNlBIFYtc5cuMuwrk+sIKrhN7XvwjmvS9YQ=="],

    "@turbo/windows-arm64": ["@turbo/windows-arm64@2.9.9", "", { "os": "win32", "cpu": "arm64" }, "sha512-V6NiH43oCctepbOdQFp7UjqLyK8p6Tt824QA+G4TE+B1BBHu80A0W8OCL+H7uBJ3XZjAj/hvPDw3k3l65DoDGw=="],

    "lucide-react": ["lucide-react@1.14.0", "", { "peerDependencies": { "react": "^16.5.1 || ^17.0.0 || ^18.0.0 || ^19.0.0" } }, "sha512-+1mdWcfSJVUsaTIjN9zoezmUhfXo5l0vP7ekBMPo3jcS/aIkxHnXqAPsByszMZx/Y8oQBRJxJx5xg+RH3urzxA=="],

    "prettier": ["prettier@3.8.3", "", { "bin": "bin/prettier.cjs" }, "sha512-7igPTM53cGHMW8xWuVTydi2KO233VFiTNyF5hLJqpilHfmn8C8gPf+PS7dUT64YcXFbiMGZxS9pCSxL/Dxm/Jw=="],

    "react": ["react@19.2.5", "", {}, "sha512-llUJLzz1zTUBrskt2pwZgLq59AemifIftw4aB7JxOqf1HY2FDaGDxgwpAPVzHU1kdWabH7FauP4i1oEeer2WCA=="],

    "react-icons": ["react-icons@5.6.0", "", { "peerDependencies": { "react": "*" } }, "sha512-RH93p5ki6LfOiIt0UtDyNg/cee+HLVR6cHHtW3wALfo+eOHTp8RnU2kRkI6E+H19zMIs03DyxUG/GfZMOGvmiA=="],

    "turbo": ["turbo@2.9.9", "", { "optionalDependencies": { "@turbo/darwin-64": "2.9.9", "@turbo/darwin-arm64": "2.9.9", "@turbo/linux-64": "2.9.9", "@turbo/linux-arm64": "2.9.9", "@turbo/windows-64": "2.9.9", "@turbo/windows-arm64": "2.9.9" }, "bin": "bin/turbo" }, "sha512-3xfzXE/yTjhh0S5dIWlE+3E+J9A09REpLI1ZqVh2+HrNZoVzZn0pkvjiRgVK/Ev3PF9XnaTwCntTx+CADWXcyA=="],

    "typescript": ["typescript@5.9.2", "", { "bin": { "tsc": "bin/tsc", "tsserver": "bin/tsserver" } }, "sha512-CWBzXQrc/qOkhidw1OzBTQuYRbfyxDXJMVJ1XNwUHGROVmuaeiEm3OslpZ1RV96d7SKKjZKrSJu3+t/xlw3R9A=="],
  }
}
